
Microsoft Visual Studio Solution File, Format Version 12.00
# Visual Studio Version 17
VisualStudioVersion = 17.9.34728.123
MinimumVisualStudioVersion = 10.0.40219.1
Project("{FAE04EC0-301F-11D3-BF4B-00C04F79EFBC}") = "RePractice", "RePractice\RePractice.csproj", "{C8A0782F-61BC-4C13-961B-7CC6D84CF688}"
EndProject
Global
	GlobalSection(SolutionConfigurationPlatforms) = preSolution
		Debug|Any CPU = Debug|Any CPU
		Release|Any CPU = Release|Any CPU
	EndGlobalSection
	GlobalSection(ProjectConfigurationPlatforms) = postSolution
		{C8A0782F-61BC-4C13-961B-7CC6D84CF688}.Debug|Any CPU.ActiveCfg = Debug|Any CPU
		{C8A0782F-61BC-4C13-961B-7CC6D84CF688}.Debug|Any CPU.Build.0 = Debug|Any CPU
		{C8A0782F-61BC-4C13-961B-7CC6D84CF688}.Release|Any CPU.ActiveCfg = Release|Any CPU
		{C8A0782F-61BC-4C13-961B-7CC6D84CF688}.Release|Any CPU.Build.0 = Release|Any CPU
	EndGlobalSection
	GlobalSection(SolutionProperties) = preSolution
		HideSolutionNode = FALSE
	EndGlobalSection
	GlobalSection(ExtensibilityGlobals) = postSolution
		SolutionGuid = {A02404CB-7AF4-4718-ACF0-D80220D3F6B6}
	EndGlobalSection
EndGlobal
